// !$*UTF8*$!
{
	archiveVersion = 1;
	classes = {
	};
	objectVersion = 56;
	objects = {

/* Begin PBXBuildFile section */
		11061BDAE20E1A04CBF25FD8 /* Pods_NYTimesTest.framework in Frameworks */ = {isa = PBXBuildFile; fileRef = 696FB33A8F1E64D12E13B754 /* Pods_NYTimesTest.framework */; };
		4022650A29313C580014145D /* DetailsScreenViewController.swift in Sources */ = {isa = PBXBuildFile; fileRef = 4022650929313C580014145D /* DetailsScreenViewController.swift */; };
		403BA39029315AE000443769 /* NewsTableViewCell.swift in Sources */ = {isa = PBXBuildFile; fileRef = 403BA38F29315AE000443769 /* NewsTableViewCell.swift */; };
		403BA3942932676200443769 /* NetworkManager.swift in Sources */ = {isa = PBXBuildFile; fileRef = 403BA3932932676200443769 /* NetworkManager.swift */; };
		403BA39629327ED900443769 /* NewsLocalStorageManager.swift in Sources */ = {isa = PBXBuildFile; fileRef = 403BA39529327ED900443769 /* NewsLocalStorageManager.swift */; };
		406E334E29329C4C008F70F8 /* MainScreenModels.swift in Sources */ = {isa = PBXBuildFile; fileRef = 406E334D29329C4C008F70F8 /* MainScreenModels.swift */; };
		406E335129329E36008F70F8 /* SavedNewsViewController.swift in Sources */ = {isa = PBXBuildFile; fileRef = 406E335029329E36008F70F8 /* SavedNewsViewController.swift */; };
		406E335329329EEB008F70F8 /* SavedNewsViewModel.swift in Sources */ = {isa = PBXBuildFile; fileRef = 406E335229329EEB008F70F8 /* SavedNewsViewModel.swift */; };
		40C859B0292FC405006A1AB2 /* AppDelegate.swift in Sources */ = {isa = PBXBuildFile; fileRef = 40C859AF292FC405006A1AB2 /* AppDelegate.swift */; };
		40C859B2292FC405006A1AB2 /* SceneDelegate.swift in Sources */ = {isa = PBXBuildFile; fileRef = 40C859B1292FC405006A1AB2 /* SceneDelegate.swift */; };
		40C859BA292FC405006A1AB2 /* NYTimesTest.xcdatamodeld in Sources */ = {isa = PBXBuildFile; fileRef = 40C859B8292FC405006A1AB2 /* NYTimesTest.xcdatamodeld */; };
		40C859BC292FC409006A1AB2 /* Assets.xcassets in Resources */ = {isa = PBXBuildFile; fileRef = 40C859BB292FC409006A1AB2 /* Assets.xcassets */; };
		40C859BF292FC409006A1AB2 /* LaunchScreen.storyboard in Resources */ = {isa = PBXBuildFile; fileRef = 40C859BD292FC409006A1AB2 /* LaunchScreen.storyboard */; };
		40C859C9292FC797006A1AB2 /* MainScreenViewController.swift in Sources */ = {isa = PBXBuildFile; fileRef = 40C859C8292FC797006A1AB2 /* MainScreenViewController.swift */; };
		40C859CB292FC7BA006A1AB2 /* MainScreenViewModel.swift in Sources */ = {isa = PBXBuildFile; fileRef = 40C859CA292FC7BA006A1AB2 /* MainScreenViewModel.swift */; };
		40C859CE292FCA00006A1AB2 /* UserConstants.swift in Sources */ = {isa = PBXBuildFile; fileRef = 40C859CD292FCA00006A1AB2 /* UserConstants.swift */; };
		40C859D0292FCC87006A1AB2 /* MainCoordinator.swift in Sources */ = {isa = PBXBuildFile; fileRef = 40C859CF292FCC87006A1AB2 /* MainCoordinator.swift */; };
/* End PBXBuildFile section */

/* Begin PBXFileReference section */
		07D1F2E9CE08445BFBABCB95 /* Pods-NYTimesTest.release.xcconfig */ = {isa = PBXFileReference; includeInIndex = 1; lastKnownFileType = text.xcconfig; name = "Pods-NYTimesTest.release.xcconfig"; path = "Target Support Files/Pods-NYTimesTest/Pods-NYTimesTest.release.xcconfig"; sourceTree = "<group>"; };
		4022650929313C580014145D /* DetailsScreenViewController.swift */ = {isa = PBXFileReference; lastKnownFileType = sourcecode.swift; path = DetailsScreenViewController.swift; sourceTree = "<group>"; };
		403BA38F29315AE000443769 /* NewsTableViewCell.swift */ = {isa = PBXFileReference; lastKnownFileType = sourcecode.swift; path = NewsTableViewCell.swift; sourceTree = "<group>"; };
		403BA3932932676200443769 /* NetworkManager.swift */ = {isa = PBXFileReference; lastKnownFileType = sourcecode.swift; path = NetworkManager.swift; sourceTree = "<group>"; };
		403BA39529327ED900443769 /* NewsLocalStorageManager.swift */ = {isa = PBXFileReference; lastKnownFileType = sourcecode.swift; path = NewsLocalStorageManager.swift; sourceTree = "<group>"; };
		406E334D29329C4C008F70F8 /* MainScreenModels.swift */ = {isa = PBXFileReference; lastKnownFileType = sourcecode.swift; path = MainScreenModels.swift; sourceTree = "<group>"; };
		406E335029329E36008F70F8 /* SavedNewsViewController.swift */ = {isa = PBXFileReference; lastKnownFileType = sourcecode.swift; path = SavedNewsViewController.swift; sourceTree = "<group>"; };
		406E335229329EEB008F70F8 /* SavedNewsViewModel.swift */ = {isa = PBXFileReference; lastKnownFileType = sourcecode.swift; path = SavedNewsViewModel.swift; sourceTree = "<group>"; };
		40C859AC292FC405006A1AB2 /* NYTimesTest.app */ = {isa = PBXFileReference; explicitFileType = wrapper.application; includeInIndex = 0; path = NYTimesTest.app; sourceTree = BUILT_PRODUCTS_DIR; };
		40C859AF292FC405006A1AB2 /* AppDelegate.swift */ = {isa = PBXFileReference; lastKnownFileType = sourcecode.swift; path = AppDelegate.swift; sourceTree = "<group>"; };
		40C859B1292FC405006A1AB2 /* SceneDelegate.swift */ = {isa = PBXFileReference; lastKnownFileType = sourcecode.swift; path = SceneDelegate.swift; sourceTree = "<group>"; };
		40C859B9292FC405006A1AB2 /* NYTimesTest.xcdatamodel */ = {isa = PBXFileReference; lastKnownFileType = wrapper.xcdatamodel; path = NYTimesTest.xcdatamodel; sourceTree = "<group>"; };
		40C859BB292FC409006A1AB2 /* Assets.xcassets */ = {isa = PBXFileReference; lastKnownFileType = folder.assetcatalog; path = Assets.xcassets; sourceTree = "<group>"; };
		40C859BE292FC409006A1AB2 /* Base */ = {isa = PBXFileReference; lastKnownFileType = file.storyboard; name = Base; path = Base.lproj/LaunchScreen.storyboard; sourceTree = "<group>"; };
		40C859C0292FC409006A1AB2 /* Info.plist */ = {isa = PBXFileReference; lastKnownFileType = text.plist.xml; path = Info.plist; sourceTree = "<group>"; };
		40C859C8292FC797006A1AB2 /* MainScreenViewController.swift */ = {isa = PBXFileReference; lastKnownFileType = sourcecode.swift; path = MainScreenViewController.swift; sourceTree = "<group>"; };
		40C859CA292FC7BA006A1AB2 /* MainScreenViewModel.swift */ = {isa = PBXFileReference; lastKnownFileType = sourcecode.swift; path = MainScreenViewModel.swift; sourceTree = "<group>"; };
		40C859CD292FCA00006A1AB2 /* UserConstants.swift */ = {isa = PBXFileReference; lastKnownFileType = sourcecode.swift; path = UserConstants.swift; sourceTree = "<group>"; };
		40C859CF292FCC87006A1AB2 /* MainCoordinator.swift */ = {isa = PBXFileReference; lastKnownFileType = sourcecode.swift; path = MainCoordinator.swift; sourceTree = "<group>"; };
		696FB33A8F1E64D12E13B754 /* Pods_NYTimesTest.framework */ = {isa = PBXFileReference; explicitFileType = wrapper.framework; includeInIndex = 0; path = Pods_NYTimesTest.framework; sourceTree = BUILT_PRODUCTS_DIR; };
		714BB472B1E5E6CC8FC6F139 /* Pods-NYTimesTest.debug.xcconfig */ = {isa = PBXFileReference; includeInIndex = 1; lastKnownFileType = text.xcconfig; name = "Pods-NYTimesTest.debug.xcconfig"; path = "Target Support Files/Pods-NYTimesTest/Pods-NYTimesTest.debug.xcconfig"; sourceTree = "<group>"; };
/* End PBXFileReference section */

/* Begin PBXFrameworksBuildPhase section */
		40C859A9292FC405006A1AB2 /* Frameworks */ = {
			isa = PBXFrameworksBuildPhase;
			buildActionMask = 2147483647;
			files = (
				11061BDAE20E1A04CBF25FD8 /* Pods_NYTimesTest.framework in Frameworks */,
			);
			runOnlyForDeploymentPostprocessing = 0;
		};
/* End PBXFrameworksBuildPhase section */

/* Begin PBXGroup section */
		4022650829313C330014145D /* DetailsScreenVC */ = {
			isa = PBXGroup;
			children = (
				4022650929313C580014145D /* DetailsScreenViewController.swift */,
			);
			path = DetailsScreenVC;
			sourceTree = "<group>";
		};
		403BA38E29315ABA00443769 /* Views */ = {
			isa = PBXGroup;
			children = (
				403BA38F29315AE000443769 /* NewsTableViewCell.swift */,
			);
			path = Views;
			sourceTree = "<group>";
		};
		403BA391293266EE00443769 /* Networking */ = {
			isa = PBXGroup;
			children = (
				403BA3932932676200443769 /* NetworkManager.swift */,
			);
			path = Networking;
			sourceTree = "<group>";
		};
		403BA392293266FA00443769 /* Storage */ = {
			isa = PBXGroup;
			children = (
				403BA39529327ED900443769 /* NewsLocalStorageManager.swift */,
			);
			path = Storage;
			sourceTree = "<group>";
		};
		406E334F29329E06008F70F8 /* SavedNewsVC */ = {
			isa = PBXGroup;
			children = (
				406E335029329E36008F70F8 /* SavedNewsViewController.swift */,
				406E335229329EEB008F70F8 /* SavedNewsViewModel.swift */,
			);
			path = SavedNewsVC;
			sourceTree = "<group>";
		};
		40C859A3292FC405006A1AB2 = {
			isa = PBXGroup;
			children = (
				40C859AE292FC405006A1AB2 /* NYTimesTest */,
				40C859AD292FC405006A1AB2 /* Products */,
				92FA651DC8785AFC74EF66F5 /* Pods */,
				E38556483E988B2F9FD4F064 /* Frameworks */,
			);
			sourceTree = "<group>";
		};
		40C859AD292FC405006A1AB2 /* Products */ = {
			isa = PBXGroup;
			children = (
				40C859AC292FC405006A1AB2 /* NYTimesTest.app */,
			);
			name = Products;
			sourceTree = "<group>";
		};
		40C859AE292FC405006A1AB2 /* NYTimesTest */ = {
			isa = PBXGroup;
			children = (
				40C859AF292FC405006A1AB2 /* AppDelegate.swift */,
				40C859B1292FC405006A1AB2 /* SceneDelegate.swift */,
				40C859CF292FCC87006A1AB2 /* MainCoordinator.swift */,
				40C859C6292FC75A006A1AB2 /* ViewControlles */,
				403BA392293266FA00443769 /* Storage */,
				403BA391293266EE00443769 /* Networking */,
				40C859CC292FC9E9006A1AB2 /* Resources */,
				40C859C0292FC409006A1AB2 /* Info.plist */,
				40C859BB292FC409006A1AB2 /* Assets.xcassets */,
				40C859BD292FC409006A1AB2 /* LaunchScreen.storyboard */,
				40C859B8292FC405006A1AB2 /* NYTimesTest.xcdatamodeld */,
			);
			path = NYTimesTest;
			sourceTree = "<group>";
		};
		40C859C6292FC75A006A1AB2 /* ViewControlles */ = {
			isa = PBXGroup;
			children = (
				40C859C7292FC76F006A1AB2 /* MainScreenVC */,
				406E334F29329E06008F70F8 /* SavedNewsVC */,
				4022650829313C330014145D /* DetailsScreenVC */,
				403BA38E29315ABA00443769 /* Views */,
			);
			path = ViewControlles;
			sourceTree = "<group>";
		};
		40C859C7292FC76F006A1AB2 /* MainScreenVC */ = {
			isa = PBXGroup;
			children = (
				40C859C8292FC797006A1AB2 /* MainScreenViewController.swift */,
				40C859CA292FC7BA006A1AB2 /* MainScreenViewModel.swift */,
				406E334D29329C4C008F70F8 /* MainScreenModels.swift */,
			);
			path = MainScreenVC;
			sourceTree = "<group>";
		};
		40C859CC292FC9E9006A1AB2 /* Resources */ = {
			isa = PBXGroup;
			children = (
				40C859CD292FCA00006A1AB2 /* UserConstants.swift */,
			);
			path = Resources;
			sourceTree = "<group>";
		};
		92FA651DC8785AFC74EF66F5 /* Pods */ = {
			isa = PBXGroup;
			children = (
				714BB472B1E5E6CC8FC6F139 /* Pods-NYTimesTest.debug.xcconfig */,
				07D1F2E9CE08445BFBABCB95 /* Pods-NYTimesTest.release.xcconfig */,
			);
			path = Pods;
			sourceTree = "<group>";
		};
		E38556483E988B2F9FD4F064 /* Frameworks */ = {
			isa = PBXGroup;
			children = (
				696FB33A8F1E64D12E13B754 /* Pods_NYTimesTest.framework */,
			);
			name = Frameworks;
			sourceTree = "<group>";
		};
/* End PBXGroup section */

/* Begin PBXNativeTarget section */
		40C859AB292FC405006A1AB2 /* NYTimesTest */ = {
			isa = PBXNativeTarget;
			buildConfigurationList = 40C859C3292FC409006A1AB2 /* Build configuration list for PBXNativeTarget "NYTimesTest" */;
			buildPhases = (
				87E5159ECD9A8548FE9596C6 /* [CP] Check Pods Manifest.lock */,
				40C859A8292FC405006A1AB2 /* Sources */,
				40C859A9292FC405006A1AB2 /* Frameworks */,
				40C859AA292FC405006A1AB2 /* Resources */,
				9B18A11FD710A58709A2D213 /* [CP] Embed Pods Frameworks */,
			);
			buildRules = (
			);
			dependencies = (
			);
			name = NYTimesTest;
			productName = NYTimesTest;
			productReference = 40C859AC292FC405006A1AB2 /* NYTimesTest.app */;
			productType = "com.apple.product-type.application";
		};
/* End PBXNativeTarget section */

/* Begin PBXProject section */
		40C859A4292FC405006A1AB2 /* Project object */ = {
			isa = PBXProject;
			attributes = {
				BuildIndependentTargetsInParallel = 1;
				LastSwiftUpdateCheck = 1410;
				LastUpgradeCheck = 1410;
				TargetAttributes = {
					40C859AB292FC405006A1AB2 = {
						CreatedOnToolsVersion = 14.1;
					};
				};
			};
			buildConfigurationList = 40C859A7292FC405006A1AB2 /* Build configuration list for PBXProject "NYTimesTest" */;
			compatibilityVersion = "Xcode 14.0";
			developmentRegion = en;
			hasScannedForEncodings = 0;
			knownRegions = (
				en,
				Base,
			);
			mainGroup = 40C859A3292FC405006A1AB2;
			productRefGroup = 40C859AD292FC405006A1AB2 /* Products */;
			projectDirPath = "";
			projectRoot = "";
			targets = (
				40C859AB292FC405006A1AB2 /* NYTimesTest */,
			);
		};
/* End PBXProject section */

/* Begin PBXResourcesBuildPhase section */
		40C859AA292FC405006A1AB2 /* Resources */ = {
			isa = PBXResourcesBuildPhase;
			buildActionMask = 2147483647;
			files = (
				40C859BF292FC409006A1AB2 /* LaunchScreen.storyboard in Resources */,
				40C859BC292FC409006A1AB2 /* Assets.xcassets in Resources */,
			);
			runOnlyForDeploymentPostprocessing = 0;
		};
/* End PBXResourcesBuildPhase section */

/* Begin PBXShellScriptBuildPhase section */
		87E5159ECD9A8548FE9596C6 /* [CP] Check Pods Manifest.lock */ = {
			isa = PBXShellScriptBuildPhase;
			buildActionMask = 2147483647;
			files = (
			);
			inputFileListPaths = (
			);
			inputPaths = (
				"${PODS_PODFILE_DIR_PATH}/Podfile.lock",
				"${PODS_ROOT}/Manifest.lock",
			);
			name = "[CP] Check Pods Manifest.lock";
			outputFileListPaths = (
			);
			outputPaths = (
				"$(DERIVED_FILE_DIR)/Pods-NYTimesTest-checkManifestLockResult.txt",
			);
			runOnlyForDeploymentPostprocessing = 0;
			shellPath = /bin/sh;
			shellScript = "diff \"${PODS_PODFILE_DIR_PATH}/Podfile.lock\" \"${PODS_ROOT}/Manifest.lock\" > /dev/null\nif [ $? != 0 ] ; then\n    # print error to STDERR\n    echo \"error: The sandbox is not in sync with the Podfile.lock. Run 'pod install' or update your CocoaPods installation.\" >&2\n    exit 1\nfi\n# This output is used by Xcode 'outputs' to avoid re-running this script phase.\necho \"SUCCESS\" > \"${SCRIPT_OUTPUT_FILE_0}\"\n";
			showEnvVarsInLog = 0;
		};
		9B18A11FD710A58709A2D213 /* [CP] Embed Pods Frameworks */ = {
			isa = PBXShellScriptBuildPhase;
			buildActionMask = 2147483647;
			files = (
			);
			inputFileListPaths = (
				"${PODS_ROOT}/Target Support Files/Pods-NYTimesTest/Pods-NYTimesTest-frameworks-${CONFIGURATION}-input-files.xcfilelist",
			);
			name = "[CP] Embed Pods Frameworks";
			outputFileListPaths = (
				"${PODS_ROOT}/Target Support Files/Pods-NYTimesTest/Pods-NYTimesTest-frameworks-${CONFIGURATION}-output-files.xcfilelist",
			);
			runOnlyForDeploymentPostprocessing = 0;
			shellPath = /bin/sh;
			shellScript = "\"${PODS_ROOT}/Target Support Files/Pods-NYTimesTest/Pods-NYTimesTest-frameworks.sh\"\n";
			showEnvVarsInLog = 0;
		};
/* End PBXShellScriptBuildPhase section */

/* Begin PBXSourcesBuildPhase section */
		40C859A8292FC405006A1AB2 /* Sources */ = {
			isa = PBXSourcesBuildPhase;
			buildActionMask = 2147483647;
			files = (
				40C859C9292FC797006A1AB2 /* MainScreenViewController.swift in Sources */,
				40C859D0292FCC87006A1AB2 /* MainCoordinator.swift in Sources */,
				403BA3942932676200443769 /* NetworkManager.swift in Sources */,
				40C859BA292FC405006A1AB2 /* NYTimesTest.xcdatamodeld in Sources */,
				406E335129329E36008F70F8 /* SavedNewsViewController.swift in Sources */,
				4022650A29313C580014145D /* DetailsScreenViewController.swift in Sources */,
				40C859CE292FCA00006A1AB2 /* UserConstants.swift in Sources */,
				40C859B0292FC405006A1AB2 /* AppDelegate.swift in Sources */,
				403BA39629327ED900443769 /* NewsLocalStorageManager.swift in Sources */,
				40C859B2292FC405006A1AB2 /* SceneDelegate.swift in Sources */,
				40C859CB292FC7BA006A1AB2 /* MainScreenViewModel.swift in Sources */,
				406E334E29329C4C008F70F8 /* MainScreenModels.swift in Sources */,
				403BA39029315AE000443769 /* NewsTableViewCell.swift in Sources */,
				406E335329329EEB008F70F8 /* SavedNewsViewModel.swift in Sources */,
			);
			runOnlyForDeploymentPostprocessing = 0;
		};
/* End PBXSourcesBuildPhase section */

/* Begin PBXVariantGroup section */
		40C859BD292FC409006A1AB2 /* LaunchScreen.storyboard */ = {
			isa = PBXVariantGroup;
			children = (
				40C859BE292FC409006A1AB2 /* Base */,
			);
			name = LaunchScreen.storyboard;
			sourceTree = "<group>";
		};
/* End PBXVariantGroup section */

/* Begin XCBuildConfiguration section */
		40C859C1292FC409006A1AB2 /* Debug */ = {
			isa = XCBuildConfiguration;
			buildSettings = {
				ALWAYS_SEARCH_USER_PATHS = NO;
				CLANG_ANALYZER_NONNULL = YES;
				CLANG_ANALYZER_NUMBER_OBJECT_CONVERSION = YES_AGGRESSIVE;
				CLANG_CXX_LANGUAGE_STANDARD = "gnu++20";
				CLANG_ENABLE_MODULES = YES;
				CLANG_ENABLE_OBJC_ARC = YES;
				CLANG_ENABLE_OBJC_WEAK = YES;
				CLANG_WARN_BLOCK_CAPTURE_AUTORELEASING = YES;
				CLANG_WARN_BOOL_CONVERSION = YES;
				CLANG_WARN_COMMA = YES;
				CLANG_WARN_CONSTANT_CONVERSION = YES;
				CLANG_WARN_DEPRECATED_OBJC_IMPLEMENTATIONS = YES;
				CLANG_WARN_DIRECT_OBJC_ISA_USAGE = YES_ERROR;
				CLANG_WARN_DOCUMENTATION_COMMENTS = YES;
				CLANG_WARN_EMPTY_BODY = YES;
				CLANG_WARN_ENUM_CONVERSION = YES;
				CLANG_WARN_INFINITE_RECURSION = YES;
				CLANG_WARN_INT_CONVERSION = YES;
				CLANG_WARN_NON_LITERAL_NULL_CONVERSION = YES;
				CLANG_WARN_OBJC_IMPLICIT_RETAIN_SELF = YES;
				CLANG_WARN_OBJC_LITERAL_CONVERSION = YES;
				CLANG_WARN_OBJC_ROOT_CLASS = YES_ERROR;
				CLANG_WARN_QUOTED_INCLUDE_IN_FRAMEWORK_HEADER = YES;
				CLANG_WARN_RANGE_LOOP_ANALYSIS = YES;
				CLANG_WARN_STRICT_PROTOTYPES = YES;
				CLANG_WARN_SUSPICIOUS_MOVE = YES;
				CLANG_WARN_UNGUARDED_AVAILABILITY = YES_AGGRESSIVE;
				CLANG_WARN_UNREACHABLE_CODE = YES;
				CLANG_WARN__DUPLICATE_METHOD_MATCH = YES;
				COPY_PHASE_STRIP = NO;
				DEBUG_INFORMATION_FORMAT = dwarf;
				ENABLE_STRICT_OBJC_MSGSEND = YES;
				ENABLE_TESTABILITY = YES;
				GCC_C_LANGUAGE_STANDARD = gnu11;
				GCC_DYNAMIC_NO_PIC = NO;
				GCC_NO_COMMON_BLOCKS = YES;
				GCC_OPTIMIZATION_LEVEL = 0;
				GCC_PREPROCESSOR_DEFINITIONS = (
					"DEBUG=1",
					"$(inherited)",
				);
				GCC_WARN_64_TO_32_BIT_CONVERSION = YES;
				GCC_WARN_ABOUT_RETURN_TYPE = YES_ERROR;
				GCC_WARN_UNDECLARED_SELECTOR = YES;
				GCC_WARN_UNINITIALIZED_AUTOS = YES_AGGRESSIVE;
				GCC_WARN_UNUSED_FUNCTION = YES;
				GCC_WARN_UNUSED_VARIABLE = YES;
				IPHONEOS_DEPLOYMENT_TARGET = 16.1;
				MTL_ENABLE_DEBUG_INFO = INCLUDE_SOURCE;
				MTL_FAST_MATH = YES;
				ONLY_ACTIVE_ARCH = YES;
				SDKROOT = iphoneos;
				SWIFT_ACTIVE_COMPILATION_CONDITIONS = DEBUG;
				SWIFT_OPTIMIZATION_LEVEL = "-Onone";
			};
			name = Debug;
		};
		40C859C2292FC409006A1AB2 /* Release */ = {
			isa = XCBuildConfiguration;
			buildSettings = {
				ALWAYS_SEARCH_USER_PATHS = NO;
				CLANG_ANALYZER_NONNULL = YES;
				CLANG_ANALYZER_NUMBER_OBJECT_CONVERSION = YES_AGGRESSIVE;
				CLANG_CXX_LANGUAGE_STANDARD = "gnu++20";
				CLANG_ENABLE_MODULES = YES;
				CLANG_ENABLE_OBJC_ARC = YES;
				CLANG_ENABLE_OBJC_WEAK = YES;
				CLANG_WARN_BLOCK_CAPTURE_AUTORELEASING = YES;
				CLANG_WARN_BOOL_CONVERSION = YES;
				CLANG_WARN_COMMA = YES;
				CLANG_WARN_CONSTANT_CONVERSION = YES;
				CLANG_WARN_DEPRECATED_OBJC_IMPLEMENTATIONS = YES;
				CLANG_WARN_DIRECT_OBJC_ISA_USAGE = YES_ERROR;
				CLANG_WARN_DOCUMENTATION_COMMENTS = YES;
				CLANG_WARN_EMPTY_BODY = YES;
				CLANG_WARN_ENUM_CONVERSION = YES;
				CLANG_WARN_INFINITE_RECURSION = YES;
				CLANG_WARN_INT_CONVERSION = YES;
				CLANG_WARN_NON_LITERAL_NULL_CONVERSION = YES;
				CLANG_WARN_OBJC_IMPLICIT_RETAIN_SELF = YES;
				CLANG_WARN_OBJC_LITERAL_CONVERSION = YES;
				CLANG_WARN_OBJC_ROOT_CLASS = YES_ERROR;
				CLANG_WARN_QUOTED_INCLUDE_IN_FRAMEWORK_HEADER = YES;
				CLANG_WARN_RANGE_LOOP_ANALYSIS = YES;
				CLANG_WARN_STRICT_PROTOTYPES = YES;
				CLANG_WARN_SUSPICIOUS_MOVE = YES;
				CLANG_WARN_UNGUARDED_AVAILABILITY = YES_AGGRESSIVE;
				CLANG_WARN_UNREACHABLE_CODE = YES;
				CLANG_WARN__DUPLICATE_METHOD_MATCH = YES;
				COPY_PHASE_STRIP = NO;
				DEBUG_INFORMATION_FORMAT = "dwarf-with-dsym";
				ENABLE_NS_ASSERTIONS = NO;
				ENABLE_STRICT_OBJC_MSGSEND = YES;
				GCC_C_LANGUAGE_STANDARD = gnu11;
				GCC_NO_COMMON_BLOCKS = YES;
				GCC_WARN_64_TO_32_BIT_CONVERSION = YES;
				GCC_WARN_ABOUT_RETURN_TYPE = YES_ERROR;
				GCC_WARN_UNDECLARED_SELECTOR = YES;
				GCC_WARN_UNINITIALIZED_AUTOS = YES_AGGRESSIVE;
				GCC_WARN_UNUSED_FUNCTION = YES;
				GCC_WARN_UNUSED_VARIABLE = YES;
				IPHONEOS_DEPLOYMENT_TARGET = 16.1;
				MTL_ENABLE_DEBUG_INFO = NO;
				MTL_FAST_MATH = YES;
				SDKROOT = iphoneos;
				SWIFT_COMPILATION_MODE = wholemodule;
				SWIFT_OPTIMIZATION_LEVEL = "-O";
				VALIDATE_PRODUCT = YES;
			};
			name = Release;
		};
		40C859C4292FC409006A1AB2 /* Debug */ = {
			isa = XCBuildConfiguration;
			baseConfigurationReference = 714BB472B1E5E6CC8FC6F139 /* Pods-NYTimesTest.debug.xcconfig */;
			buildSettings = {
				ASSETCATALOG_COMPILER_APPICON_NAME = AppIcon;
				ASSETCATALOG_COMPILER_GLOBAL_ACCENT_COLOR_NAME = AccentColor;
				CODE_SIGN_STYLE = Automatic;
				CURRENT_PROJECT_VERSION = 1;
				DEVELOPMENT_TEAM = ZYUXM4FPKS;
				GENERATE_INFOPLIST_FILE = YES;
				INFOPLIST_FILE = NYTimesTest/Info.plist;
				INFOPLIST_KEY_UIApplicationSupportsIndirectInputEvents = YES;
				INFOPLIST_KEY_UILaunchStoryboardName = LaunchScreen;
				INFOPLIST_KEY_UISupportedInterfaceOrientations_iPad = "UIInterfaceOrientationPortrait UIInterfaceOrientationPortraitUpsideDown UIInterfaceOrientationLandscapeLeft UIInterfaceOrientationLandscapeRight";
				INFOPLIST_KEY_UISupportedInterfaceOrientations_iPhone = "UIInterfaceOrientationPortrait UIInterfaceOrientationLandscapeLeft UIInterfaceOrientationLandscapeRight";
				IPHONEOS_DEPLOYMENT_TARGET = 14;
				LD_RUNPATH_SEARCH_PATHS = (
					"$(inherited)",
					"@executable_path/Frameworks",
				);
				MARKETING_VERSION = 1.0;
				PRODUCT_BUNDLE_IDENTIFIER = kitoInc.NYTimesTest;
				PRODUCT_NAME = "$(TARGET_NAME)";
				SUPPORTED_PLATFORMS = "iphoneos iphonesimulator";
				SUPPORTS_MACCATALYST = NO;
				SUPPORTS_MAC_DESIGNED_FOR_IPHONE_IPAD = NO;
				SWIFT_EMIT_LOC_STRINGS = YES;
				SWIFT_VERSION = 5.0;
				TARGETED_DEVICE_FAMILY = 1;
			};
			name = Debug;
		};
		40C859C5292FC409006A1AB2 /* Release */ = {
			isa = XCBuildConfiguration;
			baseConfigurationReference = 07D1F2E9CE08445BFBABCB95 /* Pods-NYTimesTest.release.xcconfig */;
			buildSettings = {
				ASSETCATALOG_COMPILER_APPICON_NAME = AppIcon;
				ASSETCATALOG_COMPILER_GLOBAL_ACCENT_COLOR_NAME = AccentColor;
				CODE_SIGN_STYLE = Automatic;
				CURRENT_PROJECT_VERSION = 1;
				DEVELOPMENT_TEAM = ZYUXM4FPKS;
				GENERATE_INFOPLIST_FILE = YES;
				INFOPLIST_FILE = NYTimesTest/Info.plist;
				INFOPLIST_KEY_UIApplicationSupportsIndirectInputEvents = YES;
				INFOPLIST_KEY_UILaunchStoryboardName = LaunchScreen;
				INFOPLIST_KEY_UISupportedInterfaceOrientations_iPad = "UIInterfaceOrientationPortrait UIInterfaceOrientationPortraitUpsideDown UIInterfaceOrientationLandscapeLeft UIInterfaceOrientationLandscapeRight";
				INFOPLIST_KEY_UISupportedInterfaceOrientations_iPhone = "UIInterfaceOrientationPortrait UIInterfaceOrientationLandscapeLeft UIInterfaceOrientationLandscapeRight";
				IPHONEOS_DEPLOYMENT_TARGET = 14;
				LD_RUNPATH_SEARCH_PATHS = (
					"$(inherited)",
					"@executable_path/Frameworks",
				);
				MARKETING_VERSION = 1.0;
				PRODUCT_BUNDLE_IDENTIFIER = kitoInc.NYTimesTest;
				PRODUCT_NAME = "$(TARGET_NAME)";
				SUPPORTED_PLATFORMS = "iphoneos iphonesimulator";
				SUPPORTS_MACCATALYST = NO;
				SUPPORTS_MAC_DESIGNED_FOR_IPHONE_IPAD = NO;
				SWIFT_EMIT_LOC_STRINGS = YES;
				SWIFT_VERSION = 5.0;
				TARGETED_DEVICE_FAMILY = 1;
			};
			name = Release;
		};
/* End XCBuildConfiguration section */

/* Begin XCConfigurationList section */
		40C859A7292FC405006A1AB2 /* Build configuration list for PBXProject "NYTimesTest" */ = {
			isa = XCConfigurationList;
			buildConfigurations = (
				40C859C1292FC409006A1AB2 /* Debug */,
				40C859C2292FC409006A1AB2 /* Release */,
			);
			defaultConfigurationIsVisible = 0;
			defaultConfigurationName = Release;
		};
		40C859C3292FC409006A1AB2 /* Build configuration list for PBXNativeTarget "NYTimesTest" */ = {
			isa = XCConfigurationList;
			buildConfigurations = (
				40C859C4292FC409006A1AB2 /* Debug */,
				40C859C5292FC409006A1AB2 /* Release */,
			);
			defaultConfigurationIsVisible = 0;
			defaultConfigurationName = Release;
		};
/* End XCConfigurationList section */

/* Begin XCVersionGroup section */
		40C859B8292FC405006A1AB2 /* NYTimesTest.xcdatamodeld */ = {
			isa = XCVersionGroup;
			children = (
				40C859B9292FC405006A1AB2 /* NYTimesTest.xcdatamodel */,
			);
			currentVersion = 40C859B9292FC405006A1AB2 /* NYTimesTest.xcdatamodel */;
			path = NYTimesTest.xcdatamodeld;
			sourceTree = "<group>";
			versionGroupType = wrapper.xcdatamodel;
		};
/* End XCVersionGroup section */
	};
	rootObject = 40C859A4292FC405006A1AB2 /* Project object */;
}
